// !$*UTF8*$!
{
	archiveVersion = 1;
	classes = {
	};
	objectVersion = 50;
	objects = {

/* Begin PBXBuildFile section */
		11B51C5824AB4E3400F914ED /* AppDelegate.swift in Sources */ = {isa = PBXBuildFile; fileRef = 11B51C5724AB4E3400F914ED /* AppDelegate.swift */; };
		11B51C5A24AB4E3400F914ED /* SceneDelegate.swift in Sources */ = {isa = PBXBuildFile; fileRef = 11B51C5924AB4E3400F914ED /* SceneDelegate.swift */; };
		11B51C5C24AB4E3400F914ED /* ViewController.swift in Sources */ = {isa = PBXBuildFile; fileRef = 11B51C5B24AB4E3400F914ED /* ViewController.swift */; };
		11B51C5F24AB4E3400F914ED /* Main.storyboard in Resources */ = {isa = PBXBuildFile; fileRef = 11B51C5D24AB4E3400F914ED /* Main.storyboard */; };
		11B51C6124AB4E3700F914ED /* Assets.xcassets in Resources */ = {isa = PBXBuildFile; fileRef = 11B51C6024AB4E3700F914ED /* Assets.xcassets */; };
		11B51C6C24AB4E5700F914ED /* LaunchScreen.storyboard in Resources */ = {isa = PBXBuildFile; fileRef = 11B51C6B24AB4E5700F914ED /* LaunchScreen.storyboard */; };
		11B51C7024AB532700F914ED /* NewsTableViewController.swift in Sources */ = {isa = PBXBuildFile; fileRef = 11B51C6D24AB532700F914ED /* NewsTableViewController.swift */; };
		11B51C7124AB532700F914ED /* XMLParser.swift in Sources */ = {isa = PBXBuildFile; fileRef = 11B51C6E24AB532700F914ED /* XMLParser.swift */; };
		11B51C7224AB532700F914ED /* NewsTableViewCell.swift in Sources */ = {isa = PBXBuildFile; fileRef = 11B51C6F24AB532700F914ED /* NewsTableViewCell.swift */; };
/* End PBXBuildFile section */

/* Begin PBXFileReference section */
		11B51C5424AB4E3400F914ED /* NewsRSS.app */ = {isa = PBXFileReference; explicitFileType = wrapper.application; includeInIndex = 0; path = NewsRSS.app; sourceTree = BUILT_PRODUCTS_DIR; };
		11B51C5724AB4E3400F914ED /* AppDelegate.swift */ = {isa = PBXFileReference; lastKnownFileType = sourcecode.swift; path = AppDelegate.swift; sourceTree = "<group>"; };
		11B51C5924AB4E3400F914ED /* SceneDelegate.swift */ = {isa = PBXFileReference; lastKnownFileType = sourcecode.swift; path = SceneDelegate.swift; sourceTree = "<group>"; };
		11B51C5B24AB4E3400F914ED /* ViewController.swift */ = {isa = PBXFileReference; lastKnownFileType = sourcecode.swift; path = ViewController.swift; sourceTree = "<group>"; };
		11B51C5E24AB4E3400F914ED /* Base */ = {isa = PBXFileReference; lastKnownFileType = file.storyboard; name = Base; path = Base.lproj/Main.storyboard; sourceTree = "<group>"; };
		11B51C6024AB4E3700F914ED /* Assets.xcassets */ = {isa = PBXFileReference; lastKnownFileType = folder.assetcatalog; path = Assets.xcassets; sourceTree = "<group>"; };
		11B51C6524AB4E3700F914ED /* Info.plist */ = {isa = PBXFileReference; lastKnownFileType = text.plist.xml; path = Info.plist; sourceTree = "<group>"; };
		11B51C6B24AB4E5700F914ED /* LaunchScreen.storyboard */ = {isa = PBXFileReference; fileEncoding = 4; lastKnownFileType = file.storyboard; path = LaunchScreen.storyboard; sourceTree = "<group>"; };
		11B51C6D24AB532700F914ED /* NewsTableViewController.swift */ = {isa = PBXFileReference; fileEncoding = 4; lastKnownFileType = sourcecode.swift; path = NewsTableViewController.swift; sourceTree = "<group>"; };
		11B51C6E24AB532700F914ED /* XMLParser.swift */ = {isa = PBXFileReference; fileEncoding = 4; lastKnownFileType = sourcecode.swift; path = XMLParser.swift; sourceTree = "<group>"; };
		11B51C6F24AB532700F914ED /* NewsTableViewCell.swift */ = {isa = PBXFileReference; fileEncoding = 4; lastKnownFileType = sourcecode.swift; path = NewsTableViewCell.swift; sourceTree = "<group>"; };
/* End PBXFileReference section */

/* Begin PBXFrameworksBuildPhase section */
		11B51C5124AB4E3400F914ED /* Frameworks */ = {
			isa = PBXFrameworksBuildPhase;
			buildActionMask = 2147483647;
			files = (
			);
			runOnlyForDeploymentPostprocessing = 0;
		};
/* End PBXFrameworksBuildPhase section */

/* Begin PBXGroup section */
		11B51C4B24AB4E3400F914ED = {
			isa = PBXGroup;
			children = (
				11B51C5624AB4E3400F914ED /* NewsRSS */,
				11B51C5524AB4E3400F914ED /* Products */,
			);
			sourceTree = "<group>";
		};
		11B51C5524AB4E3400F914ED /* Products */ = {
			isa = PBXGroup;
			children = (
				11B51C5424AB4E3400F914ED /* NewsRSS.app */,
			);
			name = Products;
			sourceTree = "<group>";
		};
		11B51C5624AB4E3400F914ED /* NewsRSS */ = {
			isa = PBXGroup;
			children = (
				11B51C5724AB4E3400F914ED /* AppDelegate.swift */,
				11B51C5924AB4E3400F914ED /* SceneDelegate.swift */,
				11B51C5B24AB4E3400F914ED /* ViewController.swift */,
				11B51C6F24AB532700F914ED /* NewsTableViewCell.swift */,
				11B51C6D24AB532700F914ED /* NewsTableViewController.swift */,
				11B51C6E24AB532700F914ED /* XMLParser.swift */,
				11B51C5D24AB4E3400F914ED /* Main.storyboard */,
				11B51C6024AB4E3700F914ED /* Assets.xcassets */,
				11B51C6B24AB4E5700F914ED /* LaunchScreen.storyboard */,
				11B51C6524AB4E3700F914ED /* Info.plist */,
			);
			path = NewsRSS;
			sourceTree = "<group>";
		};
/* End PBXGroup section */

/* Begin PBXNativeTarget section */
		11B51C5324AB4E3400F914ED /* NewsRSS */ = {
			isa = PBXNativeTarget;
			buildConfigurationList = 11B51C6824AB4E3700F914ED /* Build configuration list for PBXNativeTarget "NewsRSS" */;
			buildPhases = (
				11B51C5024AB4E3400F914ED /* Sources */,
				11B51C5124AB4E3400F914ED /* Frameworks */,
				11B51C5224AB4E3400F914ED /* Resources */,
			);
			buildRules = (
			);
			dependencies = (
			);
			name = NewsRSS;
			productName = NewsRSS;
			productReference = 11B51C5424AB4E3400F914ED /* NewsRSS.app */;
			productType = "com.apple.product-type.application";
		};
/* End PBXNativeTarget section */

/* Begin PBXProject section */
		11B51C4C24AB4E3400F914ED /* Project object */ = {
			isa = PBXProject;
			attributes = {
				LastSwiftUpdateCheck = 1200;
				LastUpgradeCheck = 1200;
				TargetAttributes = {
					11B51C5324AB4E3400F914ED = {
						CreatedOnToolsVersion = 12.0;
					};
				};
			};
			buildConfigurationList = 11B51C4F24AB4E3400F914ED /* Build configuration list for PBXProject "NewsRSS" */;
			compatibilityVersion = "Xcode 9.3";
			developmentRegion = en;
			hasScannedForEncodings = 0;
			knownRegions = (
				en,
				Base,
			);
			mainGroup = 11B51C4B24AB4E3400F914ED;
			productRefGroup = 11B51C5524AB4E3400F914ED /* Products */;
			projectDirPath = "";
			projectRoot = "";
			targets = (
				11B51C5324AB4E3400F914ED /* NewsRSS */,
			);
		};
/* End PBXProject section */

/* Begin PBXResourcesBuildPhase section */
		11B51C5224AB4E3400F914ED /* Resources */ = {
			isa = PBXResourcesBuildPhase;
			buildActionMask = 2147483647;
			files = (
				11B51C6C24AB4E5700F914ED /* LaunchScreen.storyboard in Resources */,
				11B51C6124AB4E3700F914ED /* Assets.xcassets in Resources */,
				11B51C5F24AB4E3400F914ED /* Main.storyboard in Resources */,
			);
			runOnlyForDeploymentPostprocessing = 0;
		};
/* End PBXResourcesBuildPhase section */

/* Begin PBXSourcesBuildPhase section */
		11B51C5024AB4E3400F914ED /* Sources */ = {
			isa = PBXSourcesBuildPhase;
			buildActionMask = 2147483647;
			files = (
				11B51C7024AB532700F914ED /* NewsTableViewController.swift in Sources */,
				11B51C5C24AB4E3400F914ED /* ViewController.swift in Sources */,
				11B51C7224AB532700F914ED /* NewsTableViewCell.swift in Sources */,
				11B51C5824AB4E3400F914ED /* AppDelegate.swift in Sources */,
				11B51C5A24AB4E3400F914ED /* SceneDelegate.swift in Sources */,
				11B51C7124AB532700F914ED /* XMLParser.swift in Sources */,
			);
			runOnlyForDeploymentPostprocessing = 0;
		};
/* End PBXSourcesBuildPhase section */

/* Begin PBXVariantGroup section */
		11B51C5D24AB4E3400F914ED /* Main.storyboard */ = {
			isa = PBXVariantGroup;
			children = (
				11B51C5E24AB4E3400F914ED /* Base */,
			);
			name = Main.storyboard;
			sourceTree = "<group>";
		};
/* End PBXVariantGroup section */

/* Begin XCBuildConfiguration section */
		11B51C6624AB4E3700F914ED /* Debug */ = {
			isa = XCBuildConfiguration;
			buildSettings = {
				ALWAYS_SEARCH_USER_PATHS = NO;
				CLANG_ANALYZER_NONNULL = YES;
				CLANG_ANALYZER_NUMBER_OBJECT_CONVERSION = YES_AGGRESSIVE;
				CLANG_CXX_LANGUAGE_STANDARD = "gnu++14";
				CLANG_CXX_LIBRARY = "libc++";
				CLANG_ENABLE_MODULES = YES;
				CLANG_ENABLE_OBJC_ARC = YES;
				CLANG_ENABLE_OBJC_WEAK = YES;
				CLANG_WARN_BLOCK_CAPTURE_AUTORELEASING = YES;
				CLANG_WARN_BOOL_CONVERSION = YES;
				CLANG_WARN_COMMA = YES;
				CLANG_WARN_CONSTANT_CONVERSION = YES;
				CLANG_WARN_DEPRECATED_OBJC_IMPLEMENTATIONS = YES;
				CLANG_WARN_DIRECT_OBJC_ISA_USAGE = YES_ERROR;
				CLANG_WARN_DOCUMENTATION_COMMENTS = YES;
				CLANG_WARN_EMPTY_BODY = YES;
				CLANG_WARN_ENUM_CONVERSION = YES;
				CLANG_WARN_INFINITE_RECURSION = YES;
				CLANG_WARN_INT_CONVERSION = YES;
				CLANG_WARN_NON_LITERAL_NULL_CONVERSION = YES;
				CLANG_WARN_OBJC_IMPLICIT_RETAIN_SELF = YES;
				CLANG_WARN_OBJC_LITERAL_CONVERSION = YES;
				CLANG_WARN_OBJC_ROOT_CLASS = YES_ERROR;
				CLANG_WARN_QUOTED_INCLUDE_IN_FRAMEWORK_HEADER = YES;
				CLANG_WARN_RANGE_LOOP_ANALYSIS = YES;
				CLANG_WARN_STRICT_PROTOTYPES = YES;
				CLANG_WARN_SUSPICIOUS_MOVE = YES;
				CLANG_WARN_UNGUARDED_AVAILABILITY = YES_AGGRESSIVE;
				CLANG_WARN_UNREACHABLE_CODE = YES;
				CLANG_WARN__DUPLICATE_METHOD_MATCH = YES;
				COPY_PHASE_STRIP = NO;
				DEBUG_INFORMATION_FORMAT = dwarf;
				ENABLE_STRICT_OBJC_MSGSEND = YES;
				ENABLE_TESTABILITY = YES;
				GCC_C_LANGUAGE_STANDARD = gnu11;
				GCC_DYNAMIC_NO_PIC = NO;
				GCC_NO_COMMON_BLOCKS = YES;
				GCC_OPTIMIZATION_LEVEL = 0;
				GCC_PREPROCESSOR_DEFINITIONS = (
					"DEBUG=1",
					"$(inherited)",
				);
				GCC_WARN_64_TO_32_BIT_CONVERSION = YES;
				GCC_WARN_ABOUT_RETURN_TYPE = YES_ERROR;
				GCC_WARN_UNDECLARED_SELECTOR = YES;
				GCC_WARN_UNINITIALIZED_AUTOS = YES_AGGRESSIVE;
				GCC_WARN_UNUSED_FUNCTION = YES;
				GCC_WARN_UNUSED_VARIABLE = YES;
				IPHONEOS_DEPLOYMENT_TARGET = 14.0;
				MTL_ENABLE_DEBUG_INFO = INCLUDE_SOURCE;
				MTL_FAST_MATH = YES;
				ONLY_ACTIVE_ARCH = YES;
				SDKROOT = iphoneos;
				SWIFT_ACTIVE_COMPILATION_CONDITIONS = DEBUG;
				SWIFT_OPTIMIZATION_LEVEL = "-Onone";
			};
			name = Debug;
		};
		11B51C6724AB4E3700F914ED /* Release */ = {
			isa = XCBuildConfiguration;
			buildSettings = {
				ALWAYS_SEARCH_USER_PATHS = NO;
				CLANG_ANALYZER_NONNULL = YES;
				CLANG_ANALYZER_NUMBER_OBJECT_CONVERSION = YES_AGGRESSIVE;
				CLANG_CXX_LANGUAGE_STANDARD = "gnu++14";
				CLANG_CXX_LIBRARY = "libc++";
				CLANG_ENABLE_MODULES = YES;
				CLANG_ENABLE_OBJC_ARC = YES;
				CLANG_ENABLE_OBJC_WEAK = YES;
				CLANG_WARN_BLOCK_CAPTURE_AUTORELEASING = YES;
				CLANG_WARN_BOOL_CONVERSION = YES;
				CLANG_WARN_COMMA = YES;
				CLANG_WARN_CONSTANT_CONVERSION = YES;
				CLANG_WARN_DEPRECATED_OBJC_IMPLEMENTATIONS = YES;
				CLANG_WARN_DIRECT_OBJC_ISA_USAGE = YES_ERROR;
				CLANG_WARN_DOCUMENTATION_COMMENTS = YES;
				CLANG_WARN_EMPTY_BODY = YES;
				CLANG_WARN_ENUM_CONVERSION = YES;
				CLANG_WARN_INFINITE_RECURSION = YES;
				CLANG_WARN_INT_CONVERSION = YES;
				CLANG_WARN_NON_LITERAL_NULL_CONVERSION = YES;
				CLANG_WARN_OBJC_IMPLICIT_RETAIN_SELF = YES;
				CLANG_WARN_OBJC_LITERAL_CONVERSION = YES;
				CLANG_WARN_OBJC_ROOT_CLASS = YES_ERROR;
				CLANG_WARN_QUOTED_INCLUDE_IN_FRAMEWORK_HEADER = YES;
				CLANG_WARN_RANGE_LOOP_ANALYSIS = YES;
				CLANG_WARN_STRICT_PROTOTYPES = YES;
				CLANG_WARN_SUSPICIOUS_MOVE = YES;
				CLANG_WARN_UNGUARDED_AVAILABILITY = YES_AGGRESSIVE;
				CLANG_WARN_UNREACHABLE_CODE = YES;
				CLANG_WARN__DUPLICATE_METHOD_MATCH = YES;
				COPY_PHASE_STRIP = NO;
				DEBUG_INFORMATION_FORMAT = "dwarf-with-dsym";
				ENABLE_NS_ASSERTIONS = NO;
				ENABLE_STRICT_OBJC_MSGSEND = YES;
				GCC_C_LANGUAGE_STANDARD = gnu11;
				GCC_NO_COMMON_BLOCKS = YES;
				GCC_WARN_64_TO_32_BIT_CONVERSION = YES;
				GCC_WARN_ABOUT_RETURN_TYPE = YES_ERROR;
				GCC_WARN_UNDECLARED_SELECTOR = YES;
				GCC_WARN_UNINITIALIZED_AUTOS = YES_AGGRESSIVE;
				GCC_WARN_UNUSED_FUNCTION = YES;
				GCC_WARN_UNUSED_VARIABLE = YES;
				IPHONEOS_DEPLOYMENT_TARGET = 14.0;
				MTL_ENABLE_DEBUG_INFO = NO;
				MTL_FAST_MATH = YES;
				SDKROOT = iphoneos;
				SWIFT_COMPILATION_MODE = wholemodule;
				SWIFT_OPTIMIZATION_LEVEL = "-O";
				VALIDATE_PRODUCT = YES;
			};
			name = Release;
		};
		11B51C6924AB4E3700F914ED /* Debug */ = {
			isa = XCBuildConfiguration;
			buildSettings = {
				ASSETCATALOG_COMPILER_APPICON_NAME = AppIcon;
				ASSETCATALOG_COMPILER_GLOBAL_ACCENT_COLOR_NAME = AccentColor;
				CODE_SIGN_STYLE = Automatic;
				DEVELOPMENT_TEAM = UB936SP78M;
				INFOPLIST_FILE = NewsRSS/Info.plist;
				LD_RUNPATH_SEARCH_PATHS = (
					"$(inherited)",
					"@executable_path/Frameworks",
				);
				PRODUCT_BUNDLE_IDENTIFIER = dmitrii.NewsRSS;
				PRODUCT_NAME = "$(TARGET_NAME)";
				SWIFT_VERSION = 5.0;
				TARGETED_DEVICE_FAMILY = "1,2";
			};
			name = Debug;
		};
		11B51C6A24AB4E3700F914ED /* Release */ = {
			isa = XCBuildConfiguration;
			buildSettings = {
				ASSETCATALOG_COMPILER_APPICON_NAME = AppIcon;
				ASSETCATALOG_COMPILER_GLOBAL_ACCENT_COLOR_NAME = AccentColor;
				CODE_SIGN_STYLE = Automatic;
				DEVELOPMENT_TEAM = UB936SP78M;
				INFOPLIST_FILE = NewsRSS/Info.plist;
				LD_RUNPATH_SEARCH_PATHS = (
					"$(inherited)",
					"@executable_path/Frameworks",
				);
				PRODUCT_BUNDLE_IDENTIFIER = dmitrii.NewsRSS;
				PRODUCT_NAME = "$(TARGET_NAME)";
				SWIFT_VERSION = 5.0;
				TARGETED_DEVICE_FAMILY = "1,2";
			};
			name = Release;
		};
/* End XCBuildConfiguration section */

/* Begin XCConfigurationList section */
		11B51C4F24AB4E3400F914ED /* Build configuration list for PBXProject "NewsRSS" */ = {
			isa = XCConfigurationList;
			buildConfigurations = (
				11B51C6624AB4E3700F914ED /* Debug */,
				11B51C6724AB4E3700F914ED /* Release */,
			);
			defaultConfigurationIsVisible = 0;
			defaultConfigurationName = Release;
		};
		11B51C6824AB4E3700F914ED /* Build configuration list for PBXNativeTarget "NewsRSS" */ = {
			isa = XCConfigurationList;
			buildConfigurations = (
				11B51C6924AB4E3700F914ED /* Debug */,
				11B51C6A24AB4E3700F914ED /* Release */,
			);
			defaultConfigurationIsVisible = 0;
			defaultConfigurationName = Release;
		};
/* End XCConfigurationList section */
	};
	rootObject = 11B51C4C24AB4E3400F914ED /* Project object */;
}
